
Microsoft Visual Studio Solution File, Format Version 12.00
# Visual Studio Version 17
VisualStudioVersion = 17.0.32112.339
MinimumVisualStudioVersion = 10.0.40219.1
Project("{FAE04EC0-301F-11D3-BF4B-00C04F79EFBC}") = "LoadBalancerApi", "LoadBalancerApi\LoadBalancerApi.csproj", "{D060DF36-0B04-4CC2-8BEA-81F944E70E05}"
EndProject
Project("{FAE04EC0-301F-11D3-BF4B-00C04F79EFBC}") = "SpammerApplication", "SpammerApplication\SpammerApplication.csproj", "{46DF4781-A769-4957-95B7-37D903661C85}"
EndProject
Project("{FAE04EC0-301F-11D3-BF4B-00C04F79EFBC}") = "LoadBalancer.BusinessLogic", "LoadBalancer.BusinessLogic\LoadBalancer.BusinessLogic.csproj", "{25FBA8BB-7131-49ED-AE4C-8DF66E268169}"
EndProject
Global
	GlobalSection(SolutionConfigurationPlatforms) = preSolution
		Debug|Any CPU = Debug|Any CPU
		Release|Any CPU = Release|Any CPU
	EndGlobalSection
	GlobalSection(ProjectConfigurationPlatforms) = postSolution
		{D060DF36-0B04-4CC2-8BEA-81F944E70E05}.Debug|Any CPU.ActiveCfg = Debug|Any CPU
		{D060DF36-0B04-4CC2-8BEA-81F944E70E05}.Debug|Any CPU.Build.0 = Debug|Any CPU
		{D060DF36-0B04-4CC2-8BEA-81F944E70E05}.Release|Any CPU.ActiveCfg = Release|Any CPU
		{D060DF36-0B04-4CC2-8BEA-81F944E70E05}.Release|Any CPU.Build.0 = Release|Any CPU
		{46DF4781-A769-4957-95B7-37D903661C85}.Debug|Any CPU.ActiveCfg = Debug|Any CPU
		{46DF4781-A769-4957-95B7-37D903661C85}.Debug|Any CPU.Build.0 = Debug|Any CPU
		{46DF4781-A769-4957-95B7-37D903661C85}.Release|Any CPU.ActiveCfg = Release|Any CPU
		{46DF4781-A769-4957-95B7-37D903661C85}.Release|Any CPU.Build.0 = Release|Any CPU
		{25FBA8BB-7131-49ED-AE4C-8DF66E268169}.Debug|Any CPU.ActiveCfg = Debug|Any CPU
		{25FBA8BB-7131-49ED-AE4C-8DF66E268169}.Debug|Any CPU.Build.0 = Debug|Any CPU
		{25FBA8BB-7131-49ED-AE4C-8DF66E268169}.Release|Any CPU.ActiveCfg = Release|Any CPU
		{25FBA8BB-7131-49ED-AE4C-8DF66E268169}.Release|Any CPU.Build.0 = Release|Any CPU
	EndGlobalSection
	GlobalSection(SolutionProperties) = preSolution
		HideSolutionNode = FALSE
	EndGlobalSection
	GlobalSection(ExtensibilityGlobals) = postSolution
		SolutionGuid = {A28E90F6-58B9-4B6F-AAA9-8A2ADA53DAF3}
	EndGlobalSection
EndGlobal
